
Microsoft Visual Studio Solution File, Format Version 12.00
Project("{FAE04EC0-301F-11D3-BF4B-00C04F79EFBC}") = "BigramAnalyze", "BigramAnalyze\BigramAnalyze.csproj", "{28150B73-FF20-4556-8C92-9F7E5897E6EC}"
EndProject
Global
	GlobalSection(SolutionConfigurationPlatforms) = preSolution
		Debug|Any CPU = Debug|Any CPU
		Release|Any CPU = Release|Any CPU
	EndGlobalSection
	GlobalSection(ProjectConfigurationPlatforms) = postSolution
		{28150B73-FF20-4556-8C92-9F7E5897E6EC}.Debug|Any CPU.ActiveCfg = Debug|Any CPU
		{28150B73-FF20-4556-8C92-9F7E5897E6EC}.Debug|Any CPU.Build.0 = Debug|Any CPU
		{28150B73-FF20-4556-8C92-9F7E5897E6EC}.Release|Any CPU.ActiveCfg = Release|Any CPU
		{28150B73-FF20-4556-8C92-9F7E5897E6EC}.Release|Any CPU.Build.0 = Release|Any CPU
	EndGlobalSection
EndGlobal
